
Microsoft Visual Studio Solution File, Format Version 12.00
# Visual Studio Version 16
VisualStudioVersion = 16.0.31515.178
MinimumVisualStudioVersion = 10.0.40219.1
Project("{FAE04EC0-301F-11D3-BF4B-00C04F79EFBC}") = "CSharp_Fusion", "CSharp_Fusion\CSharp_Fusion.csproj", "{239A80B6-ABB5-4778-91A1-1FA48F6077FF}"
EndProject
Global
	GlobalSection(SolutionConfigurationPlatforms) = preSolution
		Debug|Any CPU = Debug|Any CPU
		Release|Any CPU = Release|Any CPU
	EndGlobalSection
	GlobalSection(ProjectConfigurationPlatforms) = postSolution
		{239A80B6-ABB5-4778-91A1-1FA48F6077FF}.Debug|Any CPU.ActiveCfg = Debug|Any CPU
		{239A80B6-ABB5-4778-91A1-1FA48F6077FF}.Debug|Any CPU.Build.0 = Debug|Any CPU
		{239A80B6-ABB5-4778-91A1-1FA48F6077FF}.Release|Any CPU.ActiveCfg = Release|Any CPU
		{239A80B6-ABB5-4778-91A1-1FA48F6077FF}.Release|Any CPU.Build.0 = Release|Any CPU
	EndGlobalSection
	GlobalSection(SolutionProperties) = preSolution
		HideSolutionNode = FALSE
	EndGlobalSection
	GlobalSection(ExtensibilityGlobals) = postSolution
		SolutionGuid = {EBB301F8-BC4B-4C16-9812-6633747E4695}
	EndGlobalSection
EndGlobal
